
Microsoft Visual Studio Solution File, Format Version 12.00
# Visual Studio 15
VisualStudioVersion = 15.0.27703.2042
MinimumVisualStudioVersion = 10.0.40219.1
Project("{FAE04EC0-301F-11D3-BF4B-00C04F79EFBC}") = "GITapp", "GITapp\GITapp.csproj", "{AD141A7E-97E2-4E6E-A660-984AF4AD0F75}"
EndProject
Global
	GlobalSection(SolutionConfigurationPlatforms) = preSolution
		Debug|Any CPU = Debug|Any CPU
		Release|Any CPU = Release|Any CPU
	EndGlobalSection
	GlobalSection(ProjectConfigurationPlatforms) = postSolution
		{AD141A7E-97E2-4E6E-A660-984AF4AD0F75}.Debug|Any CPU.ActiveCfg = Debug|Any CPU
		{AD141A7E-97E2-4E6E-A660-984AF4AD0F75}.Debug|Any CPU.Build.0 = Debug|Any CPU
		{AD141A7E-97E2-4E6E-A660-984AF4AD0F75}.Release|Any CPU.ActiveCfg = Release|Any CPU
		{AD141A7E-97E2-4E6E-A660-984AF4AD0F75}.Release|Any CPU.Build.0 = Release|Any CPU
	EndGlobalSection
	GlobalSection(SolutionProperties) = preSolution
		HideSolutionNode = FALSE
	EndGlobalSection
	GlobalSection(ExtensibilityGlobals) = postSolution
		SolutionGuid = {73E531A3-DF9E-479E-BE5A-C0EB09FA97D3}
	EndGlobalSection
EndGlobal
